// !$*UTF8*$!
{
	archiveVersion = 1;
	classes = {
	};
	objectVersion = 56;
	objects = {

/* Begin PBXBuildFile section */
		9613E0FB2BFBD2B0003EA9B8 /* GameViewModel.swift in Sources */ = {isa = PBXBuildFile; fileRef = 9613E0FA2BFBD2B0003EA9B8 /* GameViewModel.swift */; };
		9613E0FD2BFBD2BF003EA9B8 /* GameResponse.swift in Sources */ = {isa = PBXBuildFile; fileRef = 9613E0FC2BFBD2BF003EA9B8 /* GameResponse.swift */; };
		9613E0FF2BFBD4E3003EA9B8 /* Constants.swift in Sources */ = {isa = PBXBuildFile; fileRef = 9613E0FE2BFBD4E3003EA9B8 /* Constants.swift */; };
		9613E1012BFBD76D003EA9B8 /* API.swift in Sources */ = {isa = PBXBuildFile; fileRef = 9613E1002BFBD76D003EA9B8 /* API.swift */; };
		9631DD842BF92045001DD189 /* AppDelegate.swift in Sources */ = {isa = PBXBuildFile; fileRef = 9631DD832BF92045001DD189 /* AppDelegate.swift */; };
		9631DD862BF92045001DD189 /* SceneDelegate.swift in Sources */ = {isa = PBXBuildFile; fileRef = 9631DD852BF92045001DD189 /* SceneDelegate.swift */; };
		9631DD882BF92045001DD189 /* HomeViewController.swift in Sources */ = {isa = PBXBuildFile; fileRef = 9631DD872BF92045001DD189 /* HomeViewController.swift */; };
		9631DD8E2BF92045001DD189 /* Gamesplorer.xcdatamodeld in Sources */ = {isa = PBXBuildFile; fileRef = 9631DD8C2BF92045001DD189 /* Gamesplorer.xcdatamodeld */; };
		9631DD902BF92046001DD189 /* Assets.xcassets in Resources */ = {isa = PBXBuildFile; fileRef = 9631DD8F2BF92046001DD189 /* Assets.xcassets */; };
		9631DD932BF92046001DD189 /* Base in Resources */ = {isa = PBXBuildFile; fileRef = 9631DD922BF92046001DD189 /* Base */; };
		9631DDA22BF9233A001DD189 /* UIView.swift in Sources */ = {isa = PBXBuildFile; fileRef = 9631DDA12BF9233A001DD189 /* UIView.swift */; };
		9631DDAA2BF93C1C001DD189 /* GPTopView.swift in Sources */ = {isa = PBXBuildFile; fileRef = 9631DDA92BF93C1C001DD189 /* GPTopView.swift */; };
		9631DDAF2BF93CDD001DD189 /* GPLabel.swift in Sources */ = {isa = PBXBuildFile; fileRef = 9631DDAE2BF93CDD001DD189 /* GPLabel.swift */; };
		96B74D252BF94BD30035A883 /* UIImage.swift in Sources */ = {isa = PBXBuildFile; fileRef = 96B74D242BF94BD30035A883 /* UIImage.swift */; };
		96B74D272BF94C040035A883 /* UIColor.swift in Sources */ = {isa = PBXBuildFile; fileRef = 96B74D262BF94C040035A883 /* UIColor.swift */; };
		96B74D292BF94CDD0035A883 /* GPImageView.swift in Sources */ = {isa = PBXBuildFile; fileRef = 96B74D282BF94CDD0035A883 /* GPImageView.swift */; };
		96B74D2B2BF9569A0035A883 /* FavoritesViewController.swift in Sources */ = {isa = PBXBuildFile; fileRef = 96B74D2A2BF9569A0035A883 /* FavoritesViewController.swift */; };
		96E096B92C00BA7100994448 /* NetworkManager.swift in Sources */ = {isa = PBXBuildFile; fileRef = 96E096B82C00BA7100994448 /* NetworkManager.swift */; };
		96F358A22C00BAA300EFBABA /* GameService.swift in Sources */ = {isa = PBXBuildFile; fileRef = 96F358A12C00BAA300EFBABA /* GameService.swift */; };
		96F358AB2C00C05400EFBABA /* GamesCell.swift in Sources */ = {isa = PBXBuildFile; fileRef = 96F358AA2C00C05400EFBABA /* GamesCell.swift */; };
		96F358AE2C00C11500EFBABA /* GamePageViewController.swift in Sources */ = {isa = PBXBuildFile; fileRef = 96F358AD2C00C11500EFBABA /* GamePageViewController.swift */; };
		96F358B12C00C17D00EFBABA /* PagePreviewViewController.swift in Sources */ = {isa = PBXBuildFile; fileRef = 96F358B02C00C17D00EFBABA /* PagePreviewViewController.swift */; };
		96F358B42C00C3F500EFBABA /* Kingfisher in Frameworks */ = {isa = PBXBuildFile; productRef = 96F358B32C00C3F500EFBABA /* Kingfisher */; };
/* End PBXBuildFile section */

/* Begin PBXFileReference section */
		9613E0FA2BFBD2B0003EA9B8 /* GameViewModel.swift */ = {isa = PBXFileReference; lastKnownFileType = sourcecode.swift; path = GameViewModel.swift; sourceTree = "<group>"; };
		9613E0FC2BFBD2BF003EA9B8 /* GameResponse.swift */ = {isa = PBXFileReference; lastKnownFileType = sourcecode.swift; path = GameResponse.swift; sourceTree = "<group>"; };
		9613E0FE2BFBD4E3003EA9B8 /* Constants.swift */ = {isa = PBXFileReference; lastKnownFileType = sourcecode.swift; path = Constants.swift; sourceTree = "<group>"; };
		9613E1002BFBD76D003EA9B8 /* API.swift */ = {isa = PBXFileReference; lastKnownFileType = sourcecode.swift; path = API.swift; sourceTree = "<group>"; };
		9631DD802BF92045001DD189 /* Gamesplorer.app */ = {isa = PBXFileReference; explicitFileType = wrapper.application; includeInIndex = 0; path = Gamesplorer.app; sourceTree = BUILT_PRODUCTS_DIR; };
		9631DD832BF92045001DD189 /* AppDelegate.swift */ = {isa = PBXFileReference; lastKnownFileType = sourcecode.swift; path = AppDelegate.swift; sourceTree = "<group>"; };
		9631DD852BF92045001DD189 /* SceneDelegate.swift */ = {isa = PBXFileReference; lastKnownFileType = sourcecode.swift; path = SceneDelegate.swift; sourceTree = "<group>"; };
		9631DD872BF92045001DD189 /* HomeViewController.swift */ = {isa = PBXFileReference; lastKnownFileType = sourcecode.swift; path = HomeViewController.swift; sourceTree = "<group>"; };
		9631DD8D2BF92045001DD189 /* Gamesplorer.xcdatamodel */ = {isa = PBXFileReference; lastKnownFileType = wrapper.xcdatamodel; path = Gamesplorer.xcdatamodel; sourceTree = "<group>"; };
		9631DD8F2BF92046001DD189 /* Assets.xcassets */ = {isa = PBXFileReference; lastKnownFileType = folder.assetcatalog; path = Assets.xcassets; sourceTree = "<group>"; };
		9631DD922BF92046001DD189 /* Base */ = {isa = PBXFileReference; lastKnownFileType = file.storyboard; name = Base; path = Base.lproj/LaunchScreen.storyboard; sourceTree = "<group>"; };
		9631DD942BF92046001DD189 /* Info.plist */ = {isa = PBXFileReference; lastKnownFileType = text.plist.xml; path = Info.plist; sourceTree = "<group>"; };
		9631DDA12BF9233A001DD189 /* UIView.swift */ = {isa = PBXFileReference; lastKnownFileType = sourcecode.swift; path = UIView.swift; sourceTree = "<group>"; };
		9631DDA92BF93C1C001DD189 /* GPTopView.swift */ = {isa = PBXFileReference; lastKnownFileType = sourcecode.swift; path = GPTopView.swift; sourceTree = "<group>"; };
		9631DDAE2BF93CDD001DD189 /* GPLabel.swift */ = {isa = PBXFileReference; lastKnownFileType = sourcecode.swift; path = GPLabel.swift; sourceTree = "<group>"; };
		96B74D242BF94BD30035A883 /* UIImage.swift */ = {isa = PBXFileReference; lastKnownFileType = sourcecode.swift; path = UIImage.swift; sourceTree = "<group>"; };
		96B74D262BF94C040035A883 /* UIColor.swift */ = {isa = PBXFileReference; lastKnownFileType = sourcecode.swift; path = UIColor.swift; sourceTree = "<group>"; };
		96B74D282BF94CDD0035A883 /* GPImageView.swift */ = {isa = PBXFileReference; lastKnownFileType = sourcecode.swift; path = GPImageView.swift; sourceTree = "<group>"; };
		96B74D2A2BF9569A0035A883 /* FavoritesViewController.swift */ = {isa = PBXFileReference; lastKnownFileType = sourcecode.swift; path = FavoritesViewController.swift; sourceTree = "<group>"; };
		96E096B82C00BA7100994448 /* NetworkManager.swift */ = {isa = PBXFileReference; lastKnownFileType = sourcecode.swift; path = NetworkManager.swift; sourceTree = "<group>"; };
		96F358A12C00BAA300EFBABA /* GameService.swift */ = {isa = PBXFileReference; lastKnownFileType = sourcecode.swift; path = GameService.swift; sourceTree = "<group>"; };
		96F358AA2C00C05400EFBABA /* GamesCell.swift */ = {isa = PBXFileReference; lastKnownFileType = sourcecode.swift; path = GamesCell.swift; sourceTree = "<group>"; };
		96F358AD2C00C11500EFBABA /* GamePageViewController.swift */ = {isa = PBXFileReference; lastKnownFileType = sourcecode.swift; path = GamePageViewController.swift; sourceTree = "<group>"; };
		96F358B02C00C17D00EFBABA /* PagePreviewViewController.swift */ = {isa = PBXFileReference; lastKnownFileType = sourcecode.swift; path = PagePreviewViewController.swift; sourceTree = "<group>"; };
/* End PBXFileReference section */

/* Begin PBXFrameworksBuildPhase section */
		9631DD7D2BF92045001DD189 /* Frameworks */ = {
			isa = PBXFrameworksBuildPhase;
			buildActionMask = 2147483647;
			files = (
				96F358B42C00C3F500EFBABA /* Kingfisher in Frameworks */,
			);
			runOnlyForDeploymentPostprocessing = 0;
		};
/* End PBXFrameworksBuildPhase section */

/* Begin PBXGroup section */
		9631DD772BF92045001DD189 = {
			isa = PBXGroup;
			children = (
				9631DD822BF92045001DD189 /* Gamesplorer */,
				9631DD812BF92045001DD189 /* Products */,
			);
			sourceTree = "<group>";
		};
		9631DD812BF92045001DD189 /* Products */ = {
			isa = PBXGroup;
			children = (
				9631DD802BF92045001DD189 /* Gamesplorer.app */,
			);
			name = Products;
			sourceTree = "<group>";
		};
		9631DD822BF92045001DD189 /* Gamesplorer */ = {
			isa = PBXGroup;
			children = (
				9631DDA52BF93077001DD189 /* Network */,
				9631DD9A2BF920C0001DD189 /* Model */,
				9631DDA62BF930C5001DD189 /* ViewModel */,
				96E096B52C00B6D100994448 /* Screens */,
				9631DD9E2BF9210A001DD189 /* Resources */,
				9631DD9D2BF92105001DD189 /* Extensions */,
				9631DDA72BF93114001DD189 /* Utilities */,
				9631DD942BF92046001DD189 /* Info.plist */,
			);
			path = Gamesplorer;
			sourceTree = "<group>";
		};
		9631DD9A2BF920C0001DD189 /* Model */ = {
			isa = PBXGroup;
			children = (
				9613E0FC2BFBD2BF003EA9B8 /* GameResponse.swift */,
			);
			path = Model;
			sourceTree = "<group>";
		};
		9631DD9D2BF92105001DD189 /* Extensions */ = {
			isa = PBXGroup;
			children = (
				9631DDA12BF9233A001DD189 /* UIView.swift */,
				96B74D242BF94BD30035A883 /* UIImage.swift */,
				96B74D262BF94C040035A883 /* UIColor.swift */,
			);
			path = Extensions;
			sourceTree = "<group>";
		};
		9631DD9E2BF9210A001DD189 /* Resources */ = {
			isa = PBXGroup;
			children = (
				9631DDA82BF93BE3001DD189 /* CustomComponents */,
				9631DD832BF92045001DD189 /* AppDelegate.swift */,
				9631DD852BF92045001DD189 /* SceneDelegate.swift */,
				9631DD8F2BF92046001DD189 /* Assets.xcassets */,
				9631DD8C2BF92045001DD189 /* Gamesplorer.xcdatamodeld */,
				9631DD912BF92046001DD189 /* LaunchScreen.storyboard */,
			);
			path = Resources;
			sourceTree = "<group>";
		};
		9631DDA52BF93077001DD189 /* Network */ = {
			isa = PBXGroup;
			children = (
				9613E1002BFBD76D003EA9B8 /* API.swift */,
				96E096B82C00BA7100994448 /* NetworkManager.swift */,
				96F358A12C00BAA300EFBABA /* GameService.swift */,
			);
			path = Network;
			sourceTree = "<group>";
		};
		9631DDA62BF930C5001DD189 /* ViewModel */ = {
			isa = PBXGroup;
			children = (
				9613E0FA2BFBD2B0003EA9B8 /* GameViewModel.swift */,
			);
			path = ViewModel;
			sourceTree = "<group>";
		};
		9631DDA72BF93114001DD189 /* Utilities */ = {
			isa = PBXGroup;
			children = (
				9613E0FE2BFBD4E3003EA9B8 /* Constants.swift */,
			);
			path = Utilities;
			sourceTree = "<group>";
		};
		9631DDA82BF93BE3001DD189 /* CustomComponents */ = {
			isa = PBXGroup;
			children = (
				9631DDAD2BF93CCC001DD189 /* Views */,
				9631DDAC2BF93C96001DD189 /* Labels */,
			);
			path = CustomComponents;
			sourceTree = "<group>";
		};
		9631DDAC2BF93C96001DD189 /* Labels */ = {
			isa = PBXGroup;
			children = (
				9631DDAE2BF93CDD001DD189 /* GPLabel.swift */,
				96B74D282BF94CDD0035A883 /* GPImageView.swift */,
			);
			path = Labels;
			sourceTree = "<group>";
		};
		9631DDAD2BF93CCC001DD189 /* Views */ = {
			isa = PBXGroup;
			children = (
				9631DDA92BF93C1C001DD189 /* GPTopView.swift */,
			);
			path = Views;
			sourceTree = "<group>";
		};
		96E096B52C00B6D100994448 /* Screens */ = {
			isa = PBXGroup;
			children = (
				96E096B62C00B71100994448 /* Home */,
				96F358A52C00BC7000EFBABA /* Detail */,
				96F358A42C00BC6A00EFBABA /* Favorites */,
			);
			path = Screens;
			sourceTree = "<group>";
		};
		96E096B62C00B71100994448 /* Home */ = {
			isa = PBXGroup;
			children = (
				9631DD872BF92045001DD189 /* HomeViewController.swift */,
				96F358AF2C00C13D00EFBABA /* PageViewController */,
				96F358A62C00BD8200EFBABA /* Cell */,
			);
			path = Home;
			sourceTree = "<group>";
		};
		96F358A42C00BC6A00EFBABA /* Favorites */ = {
			isa = PBXGroup;
			children = (
				96B74D2A2BF9569A0035A883 /* FavoritesViewController.swift */,
			);
			path = Favorites;
			sourceTree = "<group>";
		};
		96F358A52C00BC7000EFBABA /* Detail */ = {
			isa = PBXGroup;
			children = (
			);
			path = Detail;
			sourceTree = "<group>";
		};
		96F358A62C00BD8200EFBABA /* Cell */ = {
			isa = PBXGroup;
			children = (
				96F358AA2C00C05400EFBABA /* GamesCell.swift */,
			);
			path = Cell;
			sourceTree = "<group>";
		};
		96F358AF2C00C13D00EFBABA /* PageViewController */ = {
			isa = PBXGroup;
			children = (
				96F358AD2C00C11500EFBABA /* GamePageViewController.swift */,
				96F358B02C00C17D00EFBABA /* PagePreviewViewController.swift */,
			);
			path = PageViewController;
			sourceTree = "<group>";
		};
/* End PBXGroup section */

/* Begin PBXNativeTarget section */
		9631DD7F2BF92045001DD189 /* Gamesplorer */ = {
			isa = PBXNativeTarget;
			buildConfigurationList = 9631DD972BF92046001DD189 /* Build configuration list for PBXNativeTarget "Gamesplorer" */;
			buildPhases = (
				9631DD7C2BF92045001DD189 /* Sources */,
				9631DD7D2BF92045001DD189 /* Frameworks */,
				9631DD7E2BF92045001DD189 /* Resources */,
			);
			buildRules = (
			);
			dependencies = (
			);
			name = Gamesplorer;
			packageProductDependencies = (
				96F358B32C00C3F500EFBABA /* Kingfisher */,
			);
			productName = Gamesplorer;
			productReference = 9631DD802BF92045001DD189 /* Gamesplorer.app */;
			productType = "com.apple.product-type.application";
		};
/* End PBXNativeTarget section */

/* Begin PBXProject section */
		9631DD782BF92045001DD189 /* Project object */ = {
			isa = PBXProject;
			attributes = {
				BuildIndependentTargetsInParallel = 1;
				LastSwiftUpdateCheck = 1530;
				LastUpgradeCheck = 1530;
				TargetAttributes = {
					9631DD7F2BF92045001DD189 = {
						CreatedOnToolsVersion = 15.3;
					};
				};
			};
			buildConfigurationList = 9631DD7B2BF92045001DD189 /* Build configuration list for PBXProject "Gamesplorer" */;
			compatibilityVersion = "Xcode 14.0";
			developmentRegion = en;
			hasScannedForEncodings = 0;
			knownRegions = (
				en,
				Base,
			);
			mainGroup = 9631DD772BF92045001DD189;
			packageReferences = (
				96F358B22C00C3F500EFBABA /* XCRemoteSwiftPackageReference "Kingfisher" */,
			);
			productRefGroup = 9631DD812BF92045001DD189 /* Products */;
			projectDirPath = "";
			projectRoot = "";
			targets = (
				9631DD7F2BF92045001DD189 /* Gamesplorer */,
			);
		};
/* End PBXProject section */

/* Begin PBXResourcesBuildPhase section */
		9631DD7E2BF92045001DD189 /* Resources */ = {
			isa = PBXResourcesBuildPhase;
			buildActionMask = 2147483647;
			files = (
				9631DD902BF92046001DD189 /* Assets.xcassets in Resources */,
				9631DD932BF92046001DD189 /* Base in Resources */,
			);
			runOnlyForDeploymentPostprocessing = 0;
		};
/* End PBXResourcesBuildPhase section */

/* Begin PBXSourcesBuildPhase section */
		9631DD7C2BF92045001DD189 /* Sources */ = {
			isa = PBXSourcesBuildPhase;
			buildActionMask = 2147483647;
			files = (
				9613E0FB2BFBD2B0003EA9B8 /* GameViewModel.swift in Sources */,
				9631DD882BF92045001DD189 /* HomeViewController.swift in Sources */,
				96B74D252BF94BD30035A883 /* UIImage.swift in Sources */,
				9613E0FD2BFBD2BF003EA9B8 /* GameResponse.swift in Sources */,
				96E096B92C00BA7100994448 /* NetworkManager.swift in Sources */,
				9631DDAF2BF93CDD001DD189 /* GPLabel.swift in Sources */,
				9631DD8E2BF92045001DD189 /* Gamesplorer.xcdatamodeld in Sources */,
				96F358A22C00BAA300EFBABA /* GameService.swift in Sources */,
				96B74D272BF94C040035A883 /* UIColor.swift in Sources */,
				9631DDA22BF9233A001DD189 /* UIView.swift in Sources */,
				96B74D2B2BF9569A0035A883 /* FavoritesViewController.swift in Sources */,
				9631DDAA2BF93C1C001DD189 /* GPTopView.swift in Sources */,
				96F358AE2C00C11500EFBABA /* GamePageViewController.swift in Sources */,
				96F358B12C00C17D00EFBABA /* PagePreviewViewController.swift in Sources */,
				96B74D292BF94CDD0035A883 /* GPImageView.swift in Sources */,
				9613E0FF2BFBD4E3003EA9B8 /* Constants.swift in Sources */,
				9613E1012BFBD76D003EA9B8 /* API.swift in Sources */,
				9631DD842BF92045001DD189 /* AppDelegate.swift in Sources */,
				9631DD862BF92045001DD189 /* SceneDelegate.swift in Sources */,
				96F358AB2C00C05400EFBABA /* GamesCell.swift in Sources */,
			);
			runOnlyForDeploymentPostprocessing = 0;
		};
/* End PBXSourcesBuildPhase section */

/* Begin PBXVariantGroup section */
		9631DD912BF92046001DD189 /* LaunchScreen.storyboard */ = {
			isa = PBXVariantGroup;
			children = (
				9631DD922BF92046001DD189 /* Base */,
			);
			name = LaunchScreen.storyboard;
			sourceTree = "<group>";
		};
/* End PBXVariantGroup section */

/* Begin XCBuildConfiguration section */
		9631DD952BF92046001DD189 /* Debug */ = {
			isa = XCBuildConfiguration;
			buildSettings = {
				ALWAYS_SEARCH_USER_PATHS = NO;
				ASSETCATALOG_COMPILER_GENERATE_SWIFT_ASSET_SYMBOL_EXTENSIONS = YES;
				CLANG_ANALYZER_NONNULL = YES;
				CLANG_ANALYZER_NUMBER_OBJECT_CONVERSION = YES_AGGRESSIVE;
				CLANG_CXX_LANGUAGE_STANDARD = "gnu++20";
				CLANG_ENABLE_MODULES = YES;
				CLANG_ENABLE_OBJC_ARC = YES;
				CLANG_ENABLE_OBJC_WEAK = YES;
				CLANG_WARN_BLOCK_CAPTURE_AUTORELEASING = YES;
				CLANG_WARN_BOOL_CONVERSION = YES;
				CLANG_WARN_COMMA = YES;
				CLANG_WARN_CONSTANT_CONVERSION = YES;
				CLANG_WARN_DEPRECATED_OBJC_IMPLEMENTATIONS = YES;
				CLANG_WARN_DIRECT_OBJC_ISA_USAGE = YES_ERROR;
				CLANG_WARN_DOCUMENTATION_COMMENTS = YES;
				CLANG_WARN_EMPTY_BODY = YES;
				CLANG_WARN_ENUM_CONVERSION = YES;
				CLANG_WARN_INFINITE_RECURSION = YES;
				CLANG_WARN_INT_CONVERSION = YES;
				CLANG_WARN_NON_LITERAL_NULL_CONVERSION = YES;
				CLANG_WARN_OBJC_IMPLICIT_RETAIN_SELF = YES;
				CLANG_WARN_OBJC_LITERAL_CONVERSION = YES;
				CLANG_WARN_OBJC_ROOT_CLASS = YES_ERROR;
				CLANG_WARN_QUOTED_INCLUDE_IN_FRAMEWORK_HEADER = YES;
				CLANG_WARN_RANGE_LOOP_ANALYSIS = YES;
				CLANG_WARN_STRICT_PROTOTYPES = YES;
				CLANG_WARN_SUSPICIOUS_MOVE = YES;
				CLANG_WARN_UNGUARDED_AVAILABILITY = YES_AGGRESSIVE;
				CLANG_WARN_UNREACHABLE_CODE = YES;
				CLANG_WARN__DUPLICATE_METHOD_MATCH = YES;
				COPY_PHASE_STRIP = NO;
				DEBUG_INFORMATION_FORMAT = dwarf;
				ENABLE_STRICT_OBJC_MSGSEND = YES;
				ENABLE_TESTABILITY = YES;
				ENABLE_USER_SCRIPT_SANDBOXING = YES;
				GCC_C_LANGUAGE_STANDARD = gnu17;
				GCC_DYNAMIC_NO_PIC = NO;
				GCC_NO_COMMON_BLOCKS = YES;
				GCC_OPTIMIZATION_LEVEL = 0;
				GCC_PREPROCESSOR_DEFINITIONS = (
					"DEBUG=1",
					"$(inherited)",
				);
				GCC_WARN_64_TO_32_BIT_CONVERSION = YES;
				GCC_WARN_ABOUT_RETURN_TYPE = YES_ERROR;
				GCC_WARN_UNDECLARED_SELECTOR = YES;
				GCC_WARN_UNINITIALIZED_AUTOS = YES_AGGRESSIVE;
				GCC_WARN_UNUSED_FUNCTION = YES;
				GCC_WARN_UNUSED_VARIABLE = YES;
				IPHONEOS_DEPLOYMENT_TARGET = 17.4;
				LOCALIZATION_PREFERS_STRING_CATALOGS = YES;
				MTL_ENABLE_DEBUG_INFO = INCLUDE_SOURCE;
				MTL_FAST_MATH = YES;
				ONLY_ACTIVE_ARCH = YES;
				SDKROOT = iphoneos;
				SWIFT_ACTIVE_COMPILATION_CONDITIONS = "DEBUG $(inherited)";
				SWIFT_OPTIMIZATION_LEVEL = "-Onone";
			};
			name = Debug;
		};
		9631DD962BF92046001DD189 /* Release */ = {
			isa = XCBuildConfiguration;
			buildSettings = {
				ALWAYS_SEARCH_USER_PATHS = NO;
				ASSETCATALOG_COMPILER_GENERATE_SWIFT_ASSET_SYMBOL_EXTENSIONS = YES;
				CLANG_ANALYZER_NONNULL = YES;
				CLANG_ANALYZER_NUMBER_OBJECT_CONVERSION = YES_AGGRESSIVE;
				CLANG_CXX_LANGUAGE_STANDARD = "gnu++20";
				CLANG_ENABLE_MODULES = YES;
				CLANG_ENABLE_OBJC_ARC = YES;
				CLANG_ENABLE_OBJC_WEAK = YES;
				CLANG_WARN_BLOCK_CAPTURE_AUTORELEASING = YES;
				CLANG_WARN_BOOL_CONVERSION = YES;
				CLANG_WARN_COMMA = YES;
				CLANG_WARN_CONSTANT_CONVERSION = YES;
				CLANG_WARN_DEPRECATED_OBJC_IMPLEMENTATIONS = YES;
				CLANG_WARN_DIRECT_OBJC_ISA_USAGE = YES_ERROR;
				CLANG_WARN_DOCUMENTATION_COMMENTS = YES;
				CLANG_WARN_EMPTY_BODY = YES;
				CLANG_WARN_ENUM_CONVERSION = YES;
				CLANG_WARN_INFINITE_RECURSION = YES;
				CLANG_WARN_INT_CONVERSION = YES;
				CLANG_WARN_NON_LITERAL_NULL_CONVERSION = YES;
				CLANG_WARN_OBJC_IMPLICIT_RETAIN_SELF = YES;
				CLANG_WARN_OBJC_LITERAL_CONVERSION = YES;
				CLANG_WARN_OBJC_ROOT_CLASS = YES_ERROR;
				CLANG_WARN_QUOTED_INCLUDE_IN_FRAMEWORK_HEADER = YES;
				CLANG_WARN_RANGE_LOOP_ANALYSIS = YES;
				CLANG_WARN_STRICT_PROTOTYPES = YES;
				CLANG_WARN_SUSPICIOUS_MOVE = YES;
				CLANG_WARN_UNGUARDED_AVAILABILITY = YES_AGGRESSIVE;
				CLANG_WARN_UNREACHABLE_CODE = YES;
				CLANG_WARN__DUPLICATE_METHOD_MATCH = YES;
				COPY_PHASE_STRIP = NO;
				DEBUG_INFORMATION_FORMAT = "dwarf-with-dsym";
				ENABLE_NS_ASSERTIONS = NO;
				ENABLE_STRICT_OBJC_MSGSEND = YES;
				ENABLE_USER_SCRIPT_SANDBOXING = YES;
				GCC_C_LANGUAGE_STANDARD = gnu17;
				GCC_NO_COMMON_BLOCKS = YES;
				GCC_WARN_64_TO_32_BIT_CONVERSION = YES;
				GCC_WARN_ABOUT_RETURN_TYPE = YES_ERROR;
				GCC_WARN_UNDECLARED_SELECTOR = YES;
				GCC_WARN_UNINITIALIZED_AUTOS = YES_AGGRESSIVE;
				GCC_WARN_UNUSED_FUNCTION = YES;
				GCC_WARN_UNUSED_VARIABLE = YES;
				IPHONEOS_DEPLOYMENT_TARGET = 17.4;
				LOCALIZATION_PREFERS_STRING_CATALOGS = YES;
				MTL_ENABLE_DEBUG_INFO = NO;
				MTL_FAST_MATH = YES;
				SDKROOT = iphoneos;
				SWIFT_COMPILATION_MODE = wholemodule;
				VALIDATE_PRODUCT = YES;
			};
			name = Release;
		};
		9631DD982BF92046001DD189 /* Debug */ = {
			isa = XCBuildConfiguration;
			buildSettings = {
				ASSETCATALOG_COMPILER_APPICON_NAME = AppIcon;
				ASSETCATALOG_COMPILER_GLOBAL_ACCENT_COLOR_NAME = AccentColor;
				CODE_SIGN_STYLE = Automatic;
				CURRENT_PROJECT_VERSION = 1;
				DEVELOPMENT_TEAM = 28MJ2TX529;
				GENERATE_INFOPLIST_FILE = YES;
				INFOPLIST_FILE = Gamesplorer/Info.plist;
				INFOPLIST_KEY_UIApplicationSupportsIndirectInputEvents = YES;
				INFOPLIST_KEY_UILaunchStoryboardName = LaunchScreen;
				INFOPLIST_KEY_UISupportedInterfaceOrientations_iPad = "UIInterfaceOrientationPortrait UIInterfaceOrientationPortraitUpsideDown UIInterfaceOrientationLandscapeLeft UIInterfaceOrientationLandscapeRight";
				INFOPLIST_KEY_UISupportedInterfaceOrientations_iPhone = "UIInterfaceOrientationPortrait UIInterfaceOrientationLandscapeLeft UIInterfaceOrientationLandscapeRight";
				LD_RUNPATH_SEARCH_PATHS = (
					"$(inherited)",
					"@executable_path/Frameworks",
				);
				MARKETING_VERSION = 1.0;
				PRODUCT_BUNDLE_IDENTIFIER = com.mertozseven.Gamesplorer;
				PRODUCT_NAME = "$(TARGET_NAME)";
				SWIFT_EMIT_LOC_STRINGS = YES;
				SWIFT_VERSION = 5.0;
				TARGETED_DEVICE_FAMILY = "1,2";
			};
			name = Debug;
		};
		9631DD992BF92046001DD189 /* Release */ = {
			isa = XCBuildConfiguration;
			buildSettings = {
				ASSETCATALOG_COMPILER_APPICON_NAME = AppIcon;
				ASSETCATALOG_COMPILER_GLOBAL_ACCENT_COLOR_NAME = AccentColor;
				CODE_SIGN_STYLE = Automatic;
				CURRENT_PROJECT_VERSION = 1;
				DEVELOPMENT_TEAM = 28MJ2TX529;
				GENERATE_INFOPLIST_FILE = YES;
				INFOPLIST_FILE = Gamesplorer/Info.plist;
				INFOPLIST_KEY_UIApplicationSupportsIndirectInputEvents = YES;
				INFOPLIST_KEY_UILaunchStoryboardName = LaunchScreen;
				INFOPLIST_KEY_UISupportedInterfaceOrientations_iPad = "UIInterfaceOrientationPortrait UIInterfaceOrientationPortraitUpsideDown UIInterfaceOrientationLandscapeLeft UIInterfaceOrientationLandscapeRight";
				INFOPLIST_KEY_UISupportedInterfaceOrientations_iPhone = "UIInterfaceOrientationPortrait UIInterfaceOrientationLandscapeLeft UIInterfaceOrientationLandscapeRight";
				LD_RUNPATH_SEARCH_PATHS = (
					"$(inherited)",
					"@executable_path/Frameworks",
				);
				MARKETING_VERSION = 1.0;
				PRODUCT_BUNDLE_IDENTIFIER = com.mertozseven.Gamesplorer;
				PRODUCT_NAME = "$(TARGET_NAME)";
				SWIFT_EMIT_LOC_STRINGS = YES;
				SWIFT_VERSION = 5.0;
				TARGETED_DEVICE_FAMILY = "1,2";
			};
			name = Release;
		};
/* End XCBuildConfiguration section */

/* Begin XCConfigurationList section */
		9631DD7B2BF92045001DD189 /* Build configuration list for PBXProject "Gamesplorer" */ = {
			isa = XCConfigurationList;
			buildConfigurations = (
				9631DD952BF92046001DD189 /* Debug */,
				9631DD962BF92046001DD189 /* Release */,
			);
			defaultConfigurationIsVisible = 0;
			defaultConfigurationName = Release;
		};
		9631DD972BF92046001DD189 /* Build configuration list for PBXNativeTarget "Gamesplorer" */ = {
			isa = XCConfigurationList;
			buildConfigurations = (
				9631DD982BF92046001DD189 /* Debug */,
				9631DD992BF92046001DD189 /* Release */,
			);
			defaultConfigurationIsVisible = 0;
			defaultConfigurationName = Release;
		};
/* End XCConfigurationList section */

/* Begin XCRemoteSwiftPackageReference section */
		96F358B22C00C3F500EFBABA /* XCRemoteSwiftPackageReference "Kingfisher" */ = {
			isa = XCRemoteSwiftPackageReference;
			repositoryURL = "https://github.com/onevcat/Kingfisher";
			requirement = {
				kind = upToNextMajorVersion;
				minimumVersion = 7.11.0;
			};
		};
/* End XCRemoteSwiftPackageReference section */

/* Begin XCSwiftPackageProductDependency section */
		96F358B32C00C3F500EFBABA /* Kingfisher */ = {
			isa = XCSwiftPackageProductDependency;
			package = 96F358B22C00C3F500EFBABA /* XCRemoteSwiftPackageReference "Kingfisher" */;
			productName = Kingfisher;
		};
/* End XCSwiftPackageProductDependency section */

/* Begin XCVersionGroup section */
		9631DD8C2BF92045001DD189 /* Gamesplorer.xcdatamodeld */ = {
			isa = XCVersionGroup;
			children = (
				9631DD8D2BF92045001DD189 /* Gamesplorer.xcdatamodel */,
			);
			currentVersion = 9631DD8D2BF92045001DD189 /* Gamesplorer.xcdatamodel */;
			path = Gamesplorer.xcdatamodeld;
			sourceTree = "<group>";
			versionGroupType = wrapper.xcdatamodel;
		};
/* End XCVersionGroup section */
	};
	rootObject = 9631DD782BF92045001DD189 /* Project object */;
}
